{
  "object": {
    "pins": [
      {
        "package": "Charts",
        "repositoryURL": "https://github.com/danielgindi/Charts",
        "state": {
          "branch": null,
          "revision": "66546404a6739173b8e436ab6bc1f2897cd08594",
          "version": "3.6.0"
        }
      },
      {
        "package": "Kanna",
        "repositoryURL": "https://github.com/tid-kijyun/Kanna",
        "state": {
          "branch": null,
          "revision": "609367a2cd84827a33383cf7923cb4fe8f69ee0a",
          "version": "5.2.2"
        }
      },
      {
        "package": "Kingfisher",
        "repositoryURL": "https://github.com/onevcat/Kingfisher",
        "state": {
          "branch": null,
          "revision": "0efb20f022501327f4028aa9bf7cd4a0d390bea0",
          "version": "5.15.2"
        }
      }
    ]
  },
  "version": 1
}
